
Microsoft Visual Studio Solution File, Format Version 12.00
# Visual Studio Version 17
VisualStudioVersion = 17.1.32421.90
MinimumVisualStudioVersion = 10.0.40219.1
Project("{9A19103F-16F7-4668-BE54-9A1E7A4F7556}") = "Aula01_Strategy", "Aula01\Aula01_Strategy.csproj", "{3101A72D-15E9-4D5C-B8B0-741D53760173}"
EndProject
Project("{9A19103F-16F7-4668-BE54-9A1E7A4F7556}") = "Aula02_ChainOfResponsability", "Aula2\Aula02_ChainOfResponsability.csproj", "{C2C9D18C-0BC1-4636-8BE4-B55A5276A185}"
EndProject
Project("{9A19103F-16F7-4668-BE54-9A1E7A4F7556}") = "ExercicioAula02", "ExercicioAula02\ExercicioAula02.csproj", "{5F89C13D-807F-4028-AB03-EC902DBBA588}"
EndProject
Project("{9A19103F-16F7-4668-BE54-9A1E7A4F7556}") = "Aula03_TemplateMethod", "Aula03\Aula03_TemplateMethod.csproj", "{E06D12D3-DE06-4685-AB01-D869A4D76F6F}"
EndProject
Project("{9A19103F-16F7-4668-BE54-9A1E7A4F7556}") = "ExercicioAula03", "ExercicioAula3\ExercicioAula03.csproj", "{AD9800F7-7586-4E4E-9D34-8E1602C73B72}"
EndProject
Project("{9A19103F-16F7-4668-BE54-9A1E7A4F7556}") = "Aula04_Decorator", "Aula04\Aula04_Decorator.csproj", "{A03E859A-E803-469A-B2B1-C993900A9E18}"
EndProject
Project("{9A19103F-16F7-4668-BE54-9A1E7A4F7556}") = "ExercicioAula04", "ExercicioAula04\ExercicioAula04.csproj", "{0D208F54-2CDA-4158-843B-FDBEF959BBBD}"
EndProject
Project("{9A19103F-16F7-4668-BE54-9A1E7A4F7556}") = "Aula05_State", "Aula05\Aula05_State.csproj", "{F7B8E605-8649-450F-B703-FE67A67DBEB8}"
EndProject
Project("{9A19103F-16F7-4668-BE54-9A1E7A4F7556}") = "ExercicioAula05", "ExercicioAula5\ExercicioAula05.csproj", "{5170ED3F-912C-4B8A-93D0-569D1B1BF54F}"
EndProject
Project("{FAE04EC0-301F-11D3-BF4B-00C04F79EFBC}") = "Aula06_Builder", "Aula06_Builder\Aula06_Builder.csproj", "{2E49F356-6D68-4754-991C-89E85D8CF370}"
EndProject
Project("{FAE04EC0-301F-11D3-BF4B-00C04F79EFBC}") = "ExercicioAula06", "ExercicioAula06\ExercicioAula06.csproj", "{A9097E48-7E36-433E-9E57-798F26798214}"
EndProject
Project("{FAE04EC0-301F-11D3-BF4B-00C04F79EFBC}") = "Aula07_Observer", "Aula07_Observer\Aula07_Observer.csproj", "{7117998C-216C-480F-960D-50CAD4AE03FF}"
EndProject
Global
	GlobalSection(SolutionConfigurationPlatforms) = preSolution
		Debug|Any CPU = Debug|Any CPU
		Release|Any CPU = Release|Any CPU
	EndGlobalSection
	GlobalSection(ProjectConfigurationPlatforms) = postSolution
		{3101A72D-15E9-4D5C-B8B0-741D53760173}.Debug|Any CPU.ActiveCfg = Debug|Any CPU
		{3101A72D-15E9-4D5C-B8B0-741D53760173}.Debug|Any CPU.Build.0 = Debug|Any CPU
		{3101A72D-15E9-4D5C-B8B0-741D53760173}.Release|Any CPU.ActiveCfg = Release|Any CPU
		{3101A72D-15E9-4D5C-B8B0-741D53760173}.Release|Any CPU.Build.0 = Release|Any CPU
		{C2C9D18C-0BC1-4636-8BE4-B55A5276A185}.Debug|Any CPU.ActiveCfg = Debug|Any CPU
		{C2C9D18C-0BC1-4636-8BE4-B55A5276A185}.Debug|Any CPU.Build.0 = Debug|Any CPU
		{C2C9D18C-0BC1-4636-8BE4-B55A5276A185}.Release|Any CPU.ActiveCfg = Release|Any CPU
		{C2C9D18C-0BC1-4636-8BE4-B55A5276A185}.Release|Any CPU.Build.0 = Release|Any CPU
		{5F89C13D-807F-4028-AB03-EC902DBBA588}.Debug|Any CPU.ActiveCfg = Debug|Any CPU
		{5F89C13D-807F-4028-AB03-EC902DBBA588}.Debug|Any CPU.Build.0 = Debug|Any CPU
		{5F89C13D-807F-4028-AB03-EC902DBBA588}.Release|Any CPU.ActiveCfg = Release|Any CPU
		{5F89C13D-807F-4028-AB03-EC902DBBA588}.Release|Any CPU.Build.0 = Release|Any CPU
		{E06D12D3-DE06-4685-AB01-D869A4D76F6F}.Debug|Any CPU.ActiveCfg = Debug|Any CPU
		{E06D12D3-DE06-4685-AB01-D869A4D76F6F}.Debug|Any CPU.Build.0 = Debug|Any CPU
		{E06D12D3-DE06-4685-AB01-D869A4D76F6F}.Release|Any CPU.ActiveCfg = Release|Any CPU
		{E06D12D3-DE06-4685-AB01-D869A4D76F6F}.Release|Any CPU.Build.0 = Release|Any CPU
		{AD9800F7-7586-4E4E-9D34-8E1602C73B72}.Debug|Any CPU.ActiveCfg = Debug|Any CPU
		{AD9800F7-7586-4E4E-9D34-8E1602C73B72}.Debug|Any CPU.Build.0 = Debug|Any CPU
		{AD9800F7-7586-4E4E-9D34-8E1602C73B72}.Release|Any CPU.ActiveCfg = Release|Any CPU
		{AD9800F7-7586-4E4E-9D34-8E1602C73B72}.Release|Any CPU.Build.0 = Release|Any CPU
		{A03E859A-E803-469A-B2B1-C993900A9E18}.Debug|Any CPU.ActiveCfg = Debug|Any CPU
		{A03E859A-E803-469A-B2B1-C993900A9E18}.Debug|Any CPU.Build.0 = Debug|Any CPU
		{A03E859A-E803-469A-B2B1-C993900A9E18}.Release|Any CPU.ActiveCfg = Release|Any CPU
		{A03E859A-E803-469A-B2B1-C993900A9E18}.Release|Any CPU.Build.0 = Release|Any CPU
		{0D208F54-2CDA-4158-843B-FDBEF959BBBD}.Debug|Any CPU.ActiveCfg = Debug|Any CPU
		{0D208F54-2CDA-4158-843B-FDBEF959BBBD}.Debug|Any CPU.Build.0 = Debug|Any CPU
		{0D208F54-2CDA-4158-843B-FDBEF959BBBD}.Release|Any CPU.ActiveCfg = Release|Any CPU
		{0D208F54-2CDA-4158-843B-FDBEF959BBBD}.Release|Any CPU.Build.0 = Release|Any CPU
		{F7B8E605-8649-450F-B703-FE67A67DBEB8}.Debug|Any CPU.ActiveCfg = Debug|Any CPU
		{F7B8E605-8649-450F-B703-FE67A67DBEB8}.Debug|Any CPU.Build.0 = Debug|Any CPU
		{F7B8E605-8649-450F-B703-FE67A67DBEB8}.Release|Any CPU.ActiveCfg = Release|Any CPU
		{F7B8E605-8649-450F-B703-FE67A67DBEB8}.Release|Any CPU.Build.0 = Release|Any CPU
		{5170ED3F-912C-4B8A-93D0-569D1B1BF54F}.Debug|Any CPU.ActiveCfg = Debug|Any CPU
		{5170ED3F-912C-4B8A-93D0-569D1B1BF54F}.Debug|Any CPU.Build.0 = Debug|Any CPU
		{5170ED3F-912C-4B8A-93D0-569D1B1BF54F}.Release|Any CPU.ActiveCfg = Release|Any CPU
		{5170ED3F-912C-4B8A-93D0-569D1B1BF54F}.Release|Any CPU.Build.0 = Release|Any CPU
		{2E49F356-6D68-4754-991C-89E85D8CF370}.Debug|Any CPU.ActiveCfg = Debug|Any CPU
		{2E49F356-6D68-4754-991C-89E85D8CF370}.Debug|Any CPU.Build.0 = Debug|Any CPU
		{2E49F356-6D68-4754-991C-89E85D8CF370}.Release|Any CPU.ActiveCfg = Release|Any CPU
		{2E49F356-6D68-4754-991C-89E85D8CF370}.Release|Any CPU.Build.0 = Release|Any CPU
		{A9097E48-7E36-433E-9E57-798F26798214}.Debug|Any CPU.ActiveCfg = Debug|Any CPU
		{A9097E48-7E36-433E-9E57-798F26798214}.Debug|Any CPU.Build.0 = Debug|Any CPU
		{A9097E48-7E36-433E-9E57-798F26798214}.Release|Any CPU.ActiveCfg = Release|Any CPU
		{A9097E48-7E36-433E-9E57-798F26798214}.Release|Any CPU.Build.0 = Release|Any CPU
		{7117998C-216C-480F-960D-50CAD4AE03FF}.Debug|Any CPU.ActiveCfg = Debug|Any CPU
		{7117998C-216C-480F-960D-50CAD4AE03FF}.Debug|Any CPU.Build.0 = Debug|Any CPU
		{7117998C-216C-480F-960D-50CAD4AE03FF}.Release|Any CPU.ActiveCfg = Release|Any CPU
		{7117998C-216C-480F-960D-50CAD4AE03FF}.Release|Any CPU.Build.0 = Release|Any CPU
	EndGlobalSection
	GlobalSection(SolutionProperties) = preSolution
		HideSolutionNode = FALSE
	EndGlobalSection
	GlobalSection(ExtensibilityGlobals) = postSolution
		SolutionGuid = {7AA64B28-13FE-413A-8ED4-1A46C0D57346}
	EndGlobalSection
EndGlobal
